%{
  "circuits_gpio": {:hex, :circuits_gpio, "0.4.1", "344dd34f2517687fd28723e5552571babff5469db05b697181cab860fe7eff23", [:make, :mix], [{:elixir_make, "~> 0.5", [hex: :elixir_make, repo: "hexpm", optional: false]}], "hexpm"},
  "circuits_spi": {:hex, :circuits_spi, "0.1.3", "a94889abc874e9976f397c649152776d9c0863e5fd3377203c7f0cf992d9609c", [:make, :mix], [{:elixir_make, "~> 0.5", [hex: :elixir_make, repo: "hexpm", optional: false]}], "hexpm"},
  "elixir_make": {:hex, :elixir_make, "0.6.0", "38349f3e29aff4864352084fc736fa7fa0f2995a819a737554f7ebd28b85aaab", [:mix], [], "hexpm"},
  "ex_mcp3xxx": {:git, "https://github.com/brunosantanaa/ex_mcp3xxx.git", "49cd16b4be26d8b339cfaebb2ef3f2df5a6725bb", []},
  "gcode": {:git, "https://github.com/brunosantanaa/gcode.git", "afd99742fdc6b2800046b8efef72d82b965f97be", []},
  "poison": {:hex, :poison, "4.0.1", "bcb755a16fac91cad79bfe9fc3585bb07b9331e50cfe3420a24bcc2d735709ae", [:mix], [], "hexpm"},
}
